// !$*UTF8*$!
{
	archiveVersion = 1;
	classes = {
	};
	objectVersion = 56;
	objects = {

/* Begin PBXBuildFile section */
		22B8E5CC306871120023D76A /* NewYork.ttf in Resources */ = {isa = PBXBuildFile; fileRef = 22B8E572306871120023D76A /* NewYork.ttf */; };
		22EA15272FE3365700C519C7 /* OccasionSelectionView.swift in Sources */ = {isa = PBXBuildFile; fileRef = 22EA15262FE3365000C519C7 /* OccasionSelectionView.swift */; };
		22EA15292FE3366100C519C7 /* OccasionSelectionViewModel.swift in Sources */ = {isa = PBXBuildFile; fileRef = 22EA15282FE3365A00C519C7 /* OccasionSelectionViewModel.swift */; };
		22EA152B2FE33DCB00C519C7 /* Assets.xcassets in Resources */ = {isa = PBXBuildFile; fileRef = 22EA152A2FE33DCB00C519C7 /* Assets.xcassets */; };
		22EA152D2FE34B9D00C519C7 /* Occasion.swift in Sources */ = {isa = PBXBuildFile; fileRef = 22EA152C2FE34B9800C519C7 /* Occasion.swift */; };
		22EA15302FE49DBF00C519C7 /* FormViewModel.swift in Sources */ = {isa = PBXBuildFile; fileRef = 22EA152F2FE49DBC00C519C7 /* FormViewModel.swift */; };
		22EA15322FE49E9D00C519C7 /* WishStyle.swift in Sources */ = {isa = PBXBuildFile; fileRef = 22EA15312FE49E9400C519C7 /* WishStyle.swift */; };
		A1000001 /* WishSpeakerApp.swift in Sources */ = {isa = PBXBuildFile; fileRef = A2000001 /* WishSpeakerApp.swift */; };
		A1000002 /* Wish.swift in Sources */ = {isa = PBXBuildFile; fileRef = A2000002 /* Wish.swift */; };
		A1000003 /* WishForm.swift in Sources */ = {isa = PBXBuildFile; fileRef = A2000003 /* WishForm.swift */; };
		A1000004 /* PremiumPackage.swift in Sources */ = {isa = PBXBuildFile; fileRef = A2000004 /* PremiumPackage.swift */; };
		A1000005 /* AppState.swift in Sources */ = {isa = PBXBuildFile; fileRef = A2000005 /* AppState.swift */; };
		A1000006 /* MockWishGenerator.swift in Sources */ = {isa = PBXBuildFile; fileRef = A2000006 /* MockWishGenerator.swift */; };
		A1000007 /* AudioPlayerView.swift in Sources */ = {isa = PBXBuildFile; fileRef = A2000007 /* AudioPlayerView.swift */; };
		A1000008 /* WishCard.swift in Sources */ = {isa = PBXBuildFile; fileRef = A2000008 /* WishCard.swift */; };
		A1000009 /* StartView.swift in Sources */ = {isa = PBXBuildFile; fileRef = A2000009 /* StartView.swift */; };
		A1000010 /* FormView.swift in Sources */ = {isa = PBXBuildFile; fileRef = A2000010 /* FormView.swift */; };
		A1000011 /* GeneratedPreviewView.swift in Sources */ = {isa = PBXBuildFile; fileRef = A2000011 /* GeneratedPreviewView.swift */; };
		A1000012 /* PackageSelectionView.swift in Sources */ = {isa = PBXBuildFile; fileRef = A2000012 /* PackageSelectionView.swift */; };
		A1000013 /* FinalWishView.swift in Sources */ = {isa = PBXBuildFile; fileRef = A2000013 /* FinalWishView.swift */; };
		A1000014 /* MyWishesView.swift in Sources */ = {isa = PBXBuildFile; fileRef = A2000014 /* MyWishesView.swift */; };
		A1000015 /* ExampleWishesView.swift in Sources */ = {isa = PBXBuildFile; fileRef = A2000015 /* ExampleWishesView.swift */; };
		A1000016 /* ExampleData.swift in Sources */ = {isa = PBXBuildFile; fileRef = A2000016 /* ExampleData.swift */; };
		A1000017 /* DesignSystem.swift in Sources */ = {isa = PBXBuildFile; fileRef = A2000017 /* DesignSystem.swift */; };
		A1000018 /* PrimaryButton.swift in Sources */ = {isa = PBXBuildFile; fileRef = A2000018 /* PrimaryButton.swift */; };
		A1000019 /* SecondaryButton.swift in Sources */ = {isa = PBXBuildFile; fileRef = A2000019 /* SecondaryButton.swift */; };
		A1000020 /* FormInput.swift in Sources */ = {isa = PBXBuildFile; fileRef = A2000020 /* FormInput.swift */; };
/* End PBXBuildFile section */

/* Begin PBXFileReference section */
		22B8E572306871120023D76A /* NewYork.ttf */ = {isa = PBXFileReference; lastKnownFileType = file; path = NewYork.ttf; sourceTree = "<group>"; };
		22EA15262FE3365000C519C7 /* OccasionSelectionView.swift */ = {isa = PBXFileReference; lastKnownFileType = sourcecode.swift; path = OccasionSelectionView.swift; sourceTree = "<group>"; };
		22EA15282FE3365A00C519C7 /* OccasionSelectionViewModel.swift */ = {isa = PBXFileReference; lastKnownFileType = sourcecode.swift; path = OccasionSelectionViewModel.swift; sourceTree = "<group>"; };
		22EA152A2FE33DCB00C519C7 /* Assets.xcassets */ = {isa = PBXFileReference; lastKnownFileType = folder.assetcatalog; path = Assets.xcassets; sourceTree = "<group>"; };
		22EA152C2FE34B9800C519C7 /* Occasion.swift */ = {isa = PBXFileReference; lastKnownFileType = sourcecode.swift; path = Occasion.swift; sourceTree = "<group>"; };
		22EA152F2FE49DBC00C519C7 /* FormViewModel.swift */ = {isa = PBXFileReference; lastKnownFileType = sourcecode.swift; path = FormViewModel.swift; sourceTree = "<group>"; };
		22EA15312FE49E9400C519C7 /* WishStyle.swift */ = {isa = PBXFileReference; lastKnownFileType = sourcecode.swift; path = WishStyle.swift; sourceTree = "<group>"; };
		22EA15332FE4A14300C519C7 /* Info.plist */ = {isa = PBXFileReference; lastKnownFileType = text.plist; path = Info.plist; sourceTree = "<group>"; };
		A2000001 /* WishSpeakerApp.swift */ = {isa = PBXFileReference; lastKnownFileType = sourcecode.swift; path = WishSpeakerApp.swift; sourceTree = "<group>"; };
		A2000002 /* Wish.swift */ = {isa = PBXFileReference; lastKnownFileType = sourcecode.swift; path = Wish.swift; sourceTree = "<group>"; };
		A2000003 /* WishForm.swift */ = {isa = PBXFileReference; lastKnownFileType = sourcecode.swift; path = WishForm.swift; sourceTree = "<group>"; };
		A2000004 /* PremiumPackage.swift */ = {isa = PBXFileReference; lastKnownFileType = sourcecode.swift; path = PremiumPackage.swift; sourceTree = "<group>"; };
		A2000005 /* AppState.swift */ = {isa = PBXFileReference; lastKnownFileType = sourcecode.swift; path = AppState.swift; sourceTree = "<group>"; };
		A2000006 /* MockWishGenerator.swift */ = {isa = PBXFileReference; lastKnownFileType = sourcecode.swift; path = MockWishGenerator.swift; sourceTree = "<group>"; };
		A2000007 /* AudioPlayerView.swift */ = {isa = PBXFileReference; lastKnownFileType = sourcecode.swift; path = AudioPlayerView.swift; sourceTree = "<group>"; };
		A2000008 /* WishCard.swift */ = {isa = PBXFileReference; lastKnownFileType = sourcecode.swift; path = WishCard.swift; sourceTree = "<group>"; };
		A2000009 /* StartView.swift */ = {isa = PBXFileReference; lastKnownFileType = sourcecode.swift; path = StartView.swift; sourceTree = "<group>"; };
		A2000010 /* FormView.swift */ = {isa = PBXFileReference; lastKnownFileType = sourcecode.swift; path = FormView.swift; sourceTree = "<group>"; };
		A2000011 /* GeneratedPreviewView.swift */ = {isa = PBXFileReference; lastKnownFileType = sourcecode.swift; path = GeneratedPreviewView.swift; sourceTree = "<group>"; };
		A2000012 /* PackageSelectionView.swift */ = {isa = PBXFileReference; lastKnownFileType = sourcecode.swift; path = PackageSelectionView.swift; sourceTree = "<group>"; };
		A2000013 /* FinalWishView.swift */ = {isa = PBXFileReference; lastKnownFileType = sourcecode.swift; path = FinalWishView.swift; sourceTree = "<group>"; };
		A2000014 /* MyWishesView.swift */ = {isa = PBXFileReference; lastKnownFileType = sourcecode.swift; path = MyWishesView.swift; sourceTree = "<group>"; };
		A2000015 /* ExampleWishesView.swift */ = {isa = PBXFileReference; lastKnownFileType = sourcecode.swift; path = ExampleWishesView.swift; sourceTree = "<group>"; };
		A2000016 /* ExampleData.swift */ = {isa = PBXFileReference; lastKnownFileType = sourcecode.swift; path = ExampleData.swift; sourceTree = "<group>"; };
		A2000017 /* DesignSystem.swift */ = {isa = PBXFileReference; lastKnownFileType = sourcecode.swift; path = DesignSystem.swift; sourceTree = "<group>"; };
		A2000018 /* PrimaryButton.swift */ = {isa = PBXFileReference; lastKnownFileType = sourcecode.swift; path = PrimaryButton.swift; sourceTree = "<group>"; };
		A2000019 /* SecondaryButton.swift */ = {isa = PBXFileReference; lastKnownFileType = sourcecode.swift; path = SecondaryButton.swift; sourceTree = "<group>"; };
		A2000020 /* FormInput.swift */ = {isa = PBXFileReference; lastKnownFileType = sourcecode.swift; path = FormInput.swift; sourceTree = "<group>"; };
		A3000001 /* WishSpeaker.app */ = {isa = PBXFileReference; explicitFileType = wrapper.application; includeInIndex = 0; path = WishSpeaker.app; sourceTree = BUILT_PRODUCTS_DIR; };
/* End PBXFileReference section */

/* Begin PBXFrameworksBuildPhase section */
		A4000001 /* Frameworks */ = {
			isa = PBXFrameworksBuildPhase;
			buildActionMask = 2147483647;
			files = (
			);
			runOnlyForDeploymentPostprocessing = 0;
		};
/* End PBXFrameworksBuildPhase section */

/* Begin PBXGroup section */
		22186EC930686E4A00D7A1E5 /* Resources */ = {
			isa = PBXGroup;
			children = (
				22186ECA30686E5100D7A1E5 /* Fonts */,
			);
			path = Resources;
			sourceTree = "<group>";
		};
		22186ECA30686E5100D7A1E5 /* Fonts */ = {
			isa = PBXGroup;
			children = (
				22B8E572306871120023D76A /* NewYork.ttf */,
			);
			path = Fonts;
			sourceTree = "<group>";
		};
		22EA15252FE3360600C519C7 /* OccasionSelection */ = {
			isa = PBXGroup;
			children = (
				22EA152C2FE34B9800C519C7 /* Occasion.swift */,
				22EA15282FE3365A00C519C7 /* OccasionSelectionViewModel.swift */,
				22EA15262FE3365000C519C7 /* OccasionSelectionView.swift */,
			);
			path = OccasionSelection;
			sourceTree = "<group>";
		};
		22EA152E2FE497FE00C519C7 /* Form */ = {
			isa = PBXGroup;
			children = (
				22EA15312FE49E9400C519C7 /* WishStyle.swift */,
				22EA152F2FE49DBC00C519C7 /* FormViewModel.swift */,
				A2000010 /* FormView.swift */,
			);
			path = Form;
			sourceTree = "<group>";
		};
		A5000001 = {
			isa = PBXGroup;
			children = (
				A5000002 /* WishSpeaker */,
				A5000003 /* Products */,
			);
			sourceTree = "<group>";
		};
		A5000002 /* WishSpeaker */ = {
			isa = PBXGroup;
			children = (
				22186EC930686E4A00D7A1E5 /* Resources */,
				22EA15332FE4A14300C519C7 /* Info.plist */,
				22EA152E2FE497FE00C519C7 /* Form */,
				22EA15252FE3360600C519C7 /* OccasionSelection */,
				A2000001 /* WishSpeakerApp.swift */,
				A2000017 /* DesignSystem.swift */,
				A5000004 /* Models */,
				A5000005 /* Store */,
				A5000006 /* Services */,
				A5000007 /* Components */,
				A5000008 /* Views */,
				A5000009 /* Mock */,
				22EA152A2FE33DCB00C519C7 /* Assets.xcassets */,
			);
			path = WishSpeaker;
			sourceTree = "<group>";
		};
		A5000003 /* Products */ = {
			isa = PBXGroup;
			children = (
				A3000001 /* WishSpeaker.app */,
			);
			name = Products;
			sourceTree = "<group>";
		};
		A5000004 /* Models */ = {
			isa = PBXGroup;
			children = (
				A2000002 /* Wish.swift */,
				A2000003 /* WishForm.swift */,
				A2000004 /* PremiumPackage.swift */,
			);
			path = Models;
			sourceTree = "<group>";
		};
		A5000005 /* Store */ = {
			isa = PBXGroup;
			children = (
				A2000005 /* AppState.swift */,
			);
			path = Store;
			sourceTree = "<group>";
		};
		A5000006 /* Services */ = {
			isa = PBXGroup;
			children = (
				A2000006 /* MockWishGenerator.swift */,
			);
			path = Services;
			sourceTree = "<group>";
		};
		A5000007 /* Components */ = {
			isa = PBXGroup;
			children = (
				A2000007 /* AudioPlayerView.swift */,
				A2000008 /* WishCard.swift */,
				A2000018 /* PrimaryButton.swift */,
				A2000019 /* SecondaryButton.swift */,
				A2000020 /* FormInput.swift */,
			);
			path = Components;
			sourceTree = "<group>";
		};
		A5000008 /* Views */ = {
			isa = PBXGroup;
			children = (
				A2000009 /* StartView.swift */,
				A2000011 /* GeneratedPreviewView.swift */,
				A2000012 /* PackageSelectionView.swift */,
				A2000013 /* FinalWishView.swift */,
				A2000014 /* MyWishesView.swift */,
				A2000015 /* ExampleWishesView.swift */,
			);
			path = Views;
			sourceTree = "<group>";
		};
		A5000009 /* Mock */ = {
			isa = PBXGroup;
			children = (
				A2000016 /* ExampleData.swift */,
			);
			path = Mock;
			sourceTree = "<group>";
		};
/* End PBXGroup section */

/* Begin PBXNativeTarget section */
		A6000001 /* WishSpeaker */ = {
			isa = PBXNativeTarget;
			buildConfigurationList = A7000001 /* Build configuration list for PBXNativeTarget "WishSpeaker" */;
			buildPhases = (
				A8000001 /* Sources */,
				A4000001 /* Frameworks */,
				A9000001 /* Resources */,
			);
			buildRules = (
			);
			dependencies = (
			);
			name = WishSpeaker;
			productName = WishSpeaker;
			productReference = A3000001 /* WishSpeaker.app */;
			productType = "com.apple.product-type.application";
		};
/* End PBXNativeTarget section */

/* Begin PBXProject section */
		AA000001 /* Project object */ = {
			isa = PBXProject;
			attributes = {
				BuildIndependentTargetsInParallel = 1;
				LastSwiftUpdateCheck = 1500;
				LastUpgradeCheck = 1500;
				TargetAttributes = {
					A6000001 = {
						CreatedOnToolsVersion = 15.0;
					};
				};
			};
			buildConfigurationList = AB000001 /* Build configuration list for PBXProject "WishSpeaker" */;
			compatibilityVersion = "Xcode 14.0";
			developmentRegion = en;
			hasScannedForEncodings = 0;
			knownRegions = (
				en,
				Base,
			);
			mainGroup = A5000001;
			productRefGroup = A5000003 /* Products */;
			projectDirPath = "";
			projectRoot = "";
			targets = (
				A6000001 /* WishSpeaker */,
			);
		};
/* End PBXProject section */

/* Begin PBXResourcesBuildPhase section */
		A9000001 /* Resources */ = {
			isa = PBXResourcesBuildPhase;
			buildActionMask = 2147483647;
			files = (
				22EA152B2FE33DCB00C519C7 /* Assets.xcassets in Resources */,
				22B8E5CC306871120023D76A /* NewYork.ttf in Resources */,
			);
			runOnlyForDeploymentPostprocessing = 0;
		};
/* End PBXResourcesBuildPhase section */

/* Begin PBXSourcesBuildPhase section */
		A8000001 /* Sources */ = {
			isa = PBXSourcesBuildPhase;
			buildActionMask = 2147483647;
			files = (
				A1000001 /* WishSpeakerApp.swift in Sources */,
				A1000017 /* DesignSystem.swift in Sources */,
				A1000002 /* Wish.swift in Sources */,
				A1000003 /* WishForm.swift in Sources */,
				A1000004 /* PremiumPackage.swift in Sources */,
				A1000005 /* AppState.swift in Sources */,
				22EA15302FE49DBF00C519C7 /* FormViewModel.swift in Sources */,
				22EA152D2FE34B9D00C519C7 /* Occasion.swift in Sources */,
				A1000006 /* MockWishGenerator.swift in Sources */,
				22EA15272FE3365700C519C7 /* OccasionSelectionView.swift in Sources */,
				A1000007 /* AudioPlayerView.swift in Sources */,
				A1000008 /* WishCard.swift in Sources */,
				A1000018 /* PrimaryButton.swift in Sources */,
				A1000019 /* SecondaryButton.swift in Sources */,
				A1000020 /* FormInput.swift in Sources */,
				A1000009 /* StartView.swift in Sources */,
				22EA15292FE3366100C519C7 /* OccasionSelectionViewModel.swift in Sources */,
				A1000010 /* FormView.swift in Sources */,
				A1000011 /* GeneratedPreviewView.swift in Sources */,
				A1000012 /* PackageSelectionView.swift in Sources */,
				A1000013 /* FinalWishView.swift in Sources */,
				A1000014 /* MyWishesView.swift in Sources */,
				A1000015 /* ExampleWishesView.swift in Sources */,
				22EA15322FE49E9D00C519C7 /* WishStyle.swift in Sources */,
				A1000016 /* ExampleData.swift in Sources */,
			);
			runOnlyForDeploymentPostprocessing = 0;
		};
/* End PBXSourcesBuildPhase section */

/* Begin XCBuildConfiguration section */
		AC000001 /* Debug */ = {
			isa = XCBuildConfiguration;
			buildSettings = {
				ALWAYS_SEARCH_USER_PATHS = NO;
				ASSETCATALOG_COMPILER_GENERATE_SWIFT_ASSET_SYMBOL_EXTENSIONS = YES;
				CLANG_ANALYZER_NONNULL = YES;
				CLANG_ANALYZER_NUMBER_OBJECT_CONVERSION = YES_AGGRESSIVE;
				CLANG_CXX_LANGUAGE_STANDARD = "gnu++20";
				CLANG_ENABLE_MODULES = YES;
				CLANG_ENABLE_OBJC_ARC = YES;
				CLANG_ENABLE_OBJC_WEAK = YES;
				CLANG_WARN_BLOCK_CAPTURE_AUTORELEASING = YES;
				CLANG_WARN_BOOL_CONVERSION = YES;
				CLANG_WARN_COMMA = YES;
				CLANG_WARN_CONSTANT_CONVERSION = YES;
				CLANG_WARN_DEPRECATED_OBJC_IMPLEMENTATIONS = YES;
				CLANG_WARN_DIRECT_OBJC_ISA_USAGE = YES_ERROR;
				CLANG_WARN_DOCUMENTATION_COMMENTS = YES;
				CLANG_WARN_EMPTY_BODY = YES;
				CLANG_WARN_ENUM_CONVERSION = YES;
				CLANG_WARN_INFINITE_RECURSION = YES;
				CLANG_WARN_INT_CONVERSION = YES;
				CLANG_WARN_NON_LITERAL_NULL_CONVERSION = YES;
				CLANG_WARN_OBJC_IMPLICIT_RETAIN_SELF = YES;
				CLANG_WARN_OBJC_LITERAL_CONVERSION = YES;
				CLANG_WARN_OBJC_ROOT_CLASS = YES_ERROR;
				CLANG_WARN_QUOTED_INCLUDE_IN_FRAMEWORK_HEADER = YES;
				CLANG_WARN_RANGE_LOOP_ANALYSIS = YES;
				CLANG_WARN_STRICT_PROTOTYPES = YES;
				CLANG_WARN_SUSPICIOUS_MOVE = YES;
				CLANG_WARN_UNGUARDED_AVAILABILITY = YES_AGGRESSIVE;
				CLANG_WARN_UNREACHABLE_CODE = YES;
				CLANG_WARN__DUPLICATE_METHOD_MATCH = YES;
				COPY_PHASE_STRIP = NO;
				DEBUG_INFORMATION_FORMAT = dwarf;
				ENABLE_STRICT_OBJC_MSGSEND = YES;
				ENABLE_TESTABILITY = YES;
				ENABLE_USER_SCRIPT_SANDBOXING = YES;
				GCC_C_LANGUAGE_STANDARD = gnu17;
				GCC_DYNAMIC_NO_PIC = NO;
				GCC_NO_COMMON_BLOCKS = YES;
				GCC_OPTIMIZATION_LEVEL = 0;
				GCC_PREPROCESSOR_DEFINITIONS = (
					"DEBUG=1",
					"$(inherited)",
				);
				GCC_WARN_64_TO_32_BIT_CONVERSION = YES;
				GCC_WARN_ABOUT_RETURN_TYPE = YES_ERROR;
				GCC_WARN_UNDECLARED_SELECTOR = YES;
				GCC_WARN_UNINITIALIZED_AUTOS = YES_AGGRESSIVE;
				GCC_WARN_UNUSED_FUNCTION = YES;
				GCC_WARN_UNUSED_VARIABLE = YES;
				IPHONEOS_DEPLOYMENT_TARGET = 17.0;
				LOCALIZATION_PREFERS_STRING_CATALOGS = YES;
				MTL_ENABLE_DEBUG_INFO = INCLUDE_SOURCE;
				MTL_FAST_MATH = YES;
				ONLY_ACTIVE_ARCH = YES;
				SDKROOT = iphoneos;
				SWIFT_ACTIVE_COMPILATION_CONDITIONS = "DEBUG $(inherited)";
				SWIFT_OPTIMIZATION_LEVEL = "-Onone";
			};
			name = Debug;
		};
		AC000002 /* Release */ = {
			isa = XCBuildConfiguration;
			buildSettings = {
				ALWAYS_SEARCH_USER_PATHS = NO;
				ASSETCATALOG_COMPILER_GENERATE_SWIFT_ASSET_SYMBOL_EXTENSIONS = YES;
				CLANG_ANALYZER_NONNULL = YES;
				CLANG_ANALYZER_NUMBER_OBJECT_CONVERSION = YES_AGGRESSIVE;
				CLANG_CXX_LANGUAGE_STANDARD = "gnu++20";
				CLANG_ENABLE_MODULES = YES;
				CLANG_ENABLE_OBJC_ARC = YES;
				CLANG_ENABLE_OBJC_WEAK = YES;
				CLANG_WARN_BLOCK_CAPTURE_AUTORELEASING = YES;
				CLANG_WARN_BOOL_CONVERSION = YES;
				CLANG_WARN_COMMA = YES;
				CLANG_WARN_CONSTANT_CONVERSION = YES;
				CLANG_WARN_DEPRECATED_OBJC_IMPLEMENTATIONS = YES;
				CLANG_WARN_DIRECT_OBJC_ISA_USAGE = YES_ERROR;
				CLANG_WARN_DOCUMENTATION_COMMENTS = YES;
				CLANG_WARN_EMPTY_BODY = YES;
				CLANG_WARN_ENUM_CONVERSION = YES;
				CLANG_WARN_INFINITE_RECURSION = YES;
				CLANG_WARN_INT_CONVERSION = YES;
				CLANG_WARN_NON_LITERAL_NULL_CONVERSION = YES;
				CLANG_WARN_OBJC_IMPLICIT_RETAIN_SELF = YES;
				CLANG_WARN_OBJC_LITERAL_CONVERSION = YES;
				CLANG_WARN_OBJC_ROOT_CLASS = YES_ERROR;
				CLANG_WARN_QUOTED_INCLUDE_IN_FRAMEWORK_HEADER = YES;
				CLANG_WARN_RANGE_LOOP_ANALYSIS = YES;
				CLANG_WARN_STRICT_PROTOTYPES = YES;
				CLANG_WARN_SUSPICIOUS_MOVE = YES;
				CLANG_WARN_UNGUARDED_AVAILABILITY = YES_AGGRESSIVE;
				CLANG_WARN_UNREACHABLE_CODE = YES;
				CLANG_WARN__DUPLICATE_METHOD_MATCH = YES;
				COPY_PHASE_STRIP = NO;
				DEBUG_INFORMATION_FORMAT = "dwarf-with-dsym";
				ENABLE_NS_ASSERTIONS = NO;
				ENABLE_STRICT_OBJC_MSGSEND = YES;
				ENABLE_USER_SCRIPT_SANDBOXING = YES;
				GCC_C_LANGUAGE_STANDARD = gnu17;
				GCC_NO_COMMON_BLOCKS = YES;
				GCC_WARN_64_TO_32_BIT_CONVERSION = YES;
				GCC_WARN_ABOUT_RETURN_TYPE = YES_ERROR;
				GCC_WARN_UNDECLARED_SELECTOR = YES;
				GCC_WARN_UNINITIALIZED_AUTOS = YES_AGGRESSIVE;
				GCC_WARN_UNUSED_FUNCTION = YES;
				GCC_WARN_UNUSED_VARIABLE = YES;
				IPHONEOS_DEPLOYMENT_TARGET = 17.0;
				LOCALIZATION_PREFERS_STRING_CATALOGS = YES;
				MTL_ENABLE_DEBUG_INFO = NO;
				MTL_FAST_MATH = YES;
				SDKROOT = iphoneos;
				SWIFT_COMPILATION_MODE = wholemodule;
				VALIDATE_PRODUCT = YES;
			};
			name = Release;
		};
		AD000001 /* Debug */ = {
			isa = XCBuildConfiguration;
			buildSettings = {
				ASSETCATALOG_COMPILER_APPICON_NAME = AppIcon;
				ASSETCATALOG_COMPILER_GLOBAL_ACCENT_COLOR_NAME = AccentColor;
				CODE_SIGN_STYLE = Automatic;
				CURRENT_PROJECT_VERSION = 1;
				DEVELOPMENT_TEAM = AGWMLY37K7;
				ENABLE_PREVIEWS = YES;
				GENERATE_INFOPLIST_FILE = YES;
				INFOPLIST_FILE = WishSpeaker/Info.plist;
				INFOPLIST_KEY_UIApplicationSceneManifest_Generation = YES;
				INFOPLIST_KEY_UIApplicationSupportsIndirectInputEvents = YES;
				INFOPLIST_KEY_UILaunchScreen_Generation = YES;
				INFOPLIST_KEY_UIStatusBarStyle = UIStatusBarStyleLightContent;
				INFOPLIST_KEY_UISupportedInterfaceOrientations = UIInterfaceOrientationPortrait;
				LD_RUNPATH_SEARCH_PATHS = (
					"$(inherited)",
					"@executable_path/Frameworks",
				);
				MARKETING_VERSION = 1.0;
				PRODUCT_BUNDLE_IDENTIFIER = com.wishspeaker.app;
				PRODUCT_NAME = "$(TARGET_NAME)";
				SWIFT_EMIT_LOC_STRINGS = YES;
				SWIFT_VERSION = 5.0;
				TARGETED_DEVICE_FAMILY = "1,2";
			};
			name = Debug;
		};
		AD000002 /* Release */ = {
			isa = XCBuildConfiguration;
			buildSettings = {
				ASSETCATALOG_COMPILER_APPICON_NAME = AppIcon;
				ASSETCATALOG_COMPILER_GLOBAL_ACCENT_COLOR_NAME = AccentColor;
				CODE_SIGN_STYLE = Automatic;
				CURRENT_PROJECT_VERSION = 1;
				DEVELOPMENT_TEAM = AGWMLY37K7;
				ENABLE_PREVIEWS = YES;
				GENERATE_INFOPLIST_FILE = YES;
				INFOPLIST_FILE = WishSpeaker/Info.plist;
				INFOPLIST_KEY_UIApplicationSceneManifest_Generation = YES;
				INFOPLIST_KEY_UIApplicationSupportsIndirectInputEvents = YES;
				INFOPLIST_KEY_UILaunchScreen_Generation = YES;
				INFOPLIST_KEY_UIStatusBarStyle = UIStatusBarStyleLightContent;
				INFOPLIST_KEY_UISupportedInterfaceOrientations = UIInterfaceOrientationPortrait;
				LD_RUNPATH_SEARCH_PATHS = (
					"$(inherited)",
					"@executable_path/Frameworks",
				);
				MARKETING_VERSION = 1.0;
				PRODUCT_BUNDLE_IDENTIFIER = com.wishspeaker.app;
				PRODUCT_NAME = "$(TARGET_NAME)";
				SWIFT_EMIT_LOC_STRINGS = YES;
				SWIFT_VERSION = 5.0;
				TARGETED_DEVICE_FAMILY = "1,2";
			};
			name = Release;
		};
/* End XCBuildConfiguration section */

/* Begin XCConfigurationList section */
		A7000001 /* Build configuration list for PBXNativeTarget "WishSpeaker" */ = {
			isa = XCConfigurationList;
			buildConfigurations = (
				AD000001 /* Debug */,
				AD000002 /* Release */,
			);
			defaultConfigurationIsVisible = 0;
			defaultConfigurationName = Release;
		};
		AB000001 /* Build configuration list for PBXProject "WishSpeaker" */ = {
			isa = XCConfigurationList;
			buildConfigurations = (
				AC000001 /* Debug */,
				AC000002 /* Release */,
			);
			defaultConfigurationIsVisible = 0;
			defaultConfigurationName = Release;
		};
/* End XCConfigurationList section */
	};
	rootObject = AA000001 /* Project object */;
}
